
Microsoft Visual Studio Solution File, Format Version 11.00
# Visual Studio 2010
Project("{FAE04EC0-301F-11D3-BF4B-00C04F79EFBC}") = "Unity.RenderPipelines.HighDefinition.Config.Runtime", "Unity.RenderPipelines.HighDefinition.Config.Runtime.csproj", "{465FAA36-EB32-6ED5-91D3-8F2799C6FAE3}"
EndProject
Global
	GlobalSection(SolutionConfigurationPlatforms) = preSolution
		Debug|Any CPU = Debug|Any CPU
		Release|Any CPU = Release|Any CPU
	EndGlobalSection
	GlobalSection(ProjectConfigurationPlatforms) = postSolution
		{465FAA36-EB32-6ED5-91D3-8F2799C6FAE3}.Debug|Any CPU.ActiveCfg = Debug|Any CPU
		{465FAA36-EB32-6ED5-91D3-8F2799C6FAE3}.Debug|Any CPU.Build.0 = Debug|Any CPU
		{465FAA36-EB32-6ED5-91D3-8F2799C6FAE3}.Release|Any CPU.ActiveCfg = Release|Any CPU
		{465FAA36-EB32-6ED5-91D3-8F2799C6FAE3}.Release|Any CPU.Build.0 = Release|Any CPU
	EndGlobalSection
	GlobalSection(SolutionProperties) = preSolution
		HideSolutionNode = FALSE
	EndGlobalSection
EndGlobal
